Microsoft Visual Studio Solution File, Format Version 9.00
# Visual Studio 2005
Project("{8BC9CEB8-8B4A-11D0-8D11-00A0C91BC942}") = "PhysBAM", "PhysBAM.vcproj", "{5365B025-91A3-4714-9A5C-68FA9374FC0B}"
EndProject
Project("{8BC9CEB8-8B4A-11D0-8D11-00A0C91BC942}") = "PhysBAM_OpenGL", "PhysBAM_OpenGL.vcproj", "{C020ACCE-D1C2-41DF-9587-061544A56B5C}"
EndProject
Project("{8BC9CEB8-8B4A-11D0-8D11-00A0C91BC942}") = "PhysBAM_Rendering", "PhysBAM_Rendering.vcproj", "{C5A0BC3B-6039-45A9-8157-4876452588E5}"
EndProject
Global
	GlobalSection(SolutionConfigurationPlatforms) = preSolution
		Debug|Win32 = Debug|Win32
		Profiling Release|Win32 = Profiling Release|Win32
		Release|Win32 = Release|Win32
	EndGlobalSection
	GlobalSection(ProjectConfigurationPlatforms) = postSolution
		{5365B025-91A3-4714-9A5C-68FA9374FC0B}.Debug|Win32.ActiveCfg = Debug|Win32
		{5365B025-91A3-4714-9A5C-68FA9374FC0B}.Debug|Win32.Build.0 = Debug|Win32
		{5365B025-91A3-4714-9A5C-68FA9374FC0B}.Profiling Release|Win32.ActiveCfg = Profiling Release|Win32
		{5365B025-91A3-4714-9A5C-68FA9374FC0B}.Profiling Release|Win32.Build.0 = Profiling Release|Win32
		{5365B025-91A3-4714-9A5C-68FA9374FC0B}.Release|Win32.ActiveCfg = Release|Win32
		{5365B025-91A3-4714-9A5C-68FA9374FC0B}.Release|Win32.Build.0 = Release|Win32
		{C020ACCE-D1C2-41DF-9587-061544A56B5C}.Debug|Win32.ActiveCfg = Debug|Win32
		{C020ACCE-D1C2-41DF-9587-061544A56B5C}.Debug|Win32.Build.0 = Debug|Win32
		{C020ACCE-D1C2-41DF-9587-061544A56B5C}.Profiling Release|Win32.ActiveCfg = Profiling Release|Win32
		{C020ACCE-D1C2-41DF-9587-061544A56B5C}.Profiling Release|Win32.Build.0 = Profiling Release|Win32
		{C020ACCE-D1C2-41DF-9587-061544A56B5C}.Release|Win32.ActiveCfg = Release|Win32
		{C020ACCE-D1C2-41DF-9587-061544A56B5C}.Release|Win32.Build.0 = Release|Win32
		{C5A0BC3B-6039-45A9-8157-4876452588E5}.Debug|Win32.ActiveCfg = Debug|Win32
		{C5A0BC3B-6039-45A9-8157-4876452588E5}.Debug|Win32.Build.0 = Debug|Win32
		{C5A0BC3B-6039-45A9-8157-4876452588E5}.Profiling Release|Win32.ActiveCfg = Profiling Release|Win32
		{C5A0BC3B-6039-45A9-8157-4876452588E5}.Release|Win32.ActiveCfg = Release|Win32
	EndGlobalSection
	GlobalSection(SolutionProperties) = preSolution
		HideSolutionNode = FALSE
	EndGlobalSection
EndGlobal
